
Microsoft Visual Studio Solution File, Format Version 12.00
# Visual Studio Version 16
VisualStudioVersion = 16.0.31702.278
MinimumVisualStudioVersion = 10.0.40219.1
Project("{9A19103F-16F7-4668-BE54-9A1E7A4F7556}") = "Testavimas", "Testavimas.csproj", "{87E042B7-9C76-47DE-B6D7-C9081B4558AD}"
EndProject
Project("{FAE04EC0-301F-11D3-BF4B-00C04F79EFBC}") = "TestavimasTest", "..\TestavimasTest\TestavimasTest.csproj", "{08325183-16D8-46DE-B6F6-B8A5E38F943C}"
EndProject
Global
	GlobalSection(SolutionConfigurationPlatforms) = preSolution
		Debug|Any CPU = Debug|Any CPU
		Release|Any CPU = Release|Any CPU
	EndGlobalSection
	GlobalSection(ProjectConfigurationPlatforms) = postSolution
		{87E042B7-9C76-47DE-B6D7-C9081B4558AD}.Debug|Any CPU.ActiveCfg = Debug|Any CPU
		{87E042B7-9C76-47DE-B6D7-C9081B4558AD}.Debug|Any CPU.Build.0 = Debug|Any CPU
		{87E042B7-9C76-47DE-B6D7-C9081B4558AD}.Release|Any CPU.ActiveCfg = Release|Any CPU
		{87E042B7-9C76-47DE-B6D7-C9081B4558AD}.Release|Any CPU.Build.0 = Release|Any CPU
		{08325183-16D8-46DE-B6F6-B8A5E38F943C}.Debug|Any CPU.ActiveCfg = Debug|Any CPU
		{08325183-16D8-46DE-B6F6-B8A5E38F943C}.Debug|Any CPU.Build.0 = Debug|Any CPU
		{08325183-16D8-46DE-B6F6-B8A5E38F943C}.Release|Any CPU.ActiveCfg = Release|Any CPU
		{08325183-16D8-46DE-B6F6-B8A5E38F943C}.Release|Any CPU.Build.0 = Release|Any CPU
	EndGlobalSection
	GlobalSection(SolutionProperties) = preSolution
		HideSolutionNode = FALSE
	EndGlobalSection
	GlobalSection(ExtensibilityGlobals) = postSolution
		SolutionGuid = {F723C4B6-83E8-4B05-96DD-8150BE46B593}
	EndGlobalSection
EndGlobal
